
Microsoft Visual Studio Solution File, Format Version 12.00
# Visual Studio Version 16
VisualStudioVersion = 16.0.30011.22
MinimumVisualStudioVersion = 10.0.40219.1
Project("{FAE04EC0-301F-11D3-BF4B-00C04F79EFBC}") = "ShoppingCart-Console", "ShoppingCart-Console.csproj", "{DA7665CC-F0F1-4B34-98FE-C941604A4D47}"
EndProject
Project("{FAE04EC0-301F-11D3-BF4B-00C04F79EFBC}") = "ShoppingCart.Business", "ShoppingCart.Business\ShoppingCart.Business.csproj", "{52EE035E-0303-4D5F-83E8-AB5DC8B74B85}"
EndProject
Global
	GlobalSection(SolutionConfigurationPlatforms) = preSolution
		Debug|Any CPU = Debug|Any CPU
		Release|Any CPU = Release|Any CPU
	EndGlobalSection
	GlobalSection(ProjectConfigurationPlatforms) = postSolution
		{DA7665CC-F0F1-4B34-98FE-C941604A4D47}.Debug|Any CPU.ActiveCfg = Debug|Any CPU
		{DA7665CC-F0F1-4B34-98FE-C941604A4D47}.Debug|Any CPU.Build.0 = Debug|Any CPU
		{DA7665CC-F0F1-4B34-98FE-C941604A4D47}.Release|Any CPU.ActiveCfg = Release|Any CPU
		{DA7665CC-F0F1-4B34-98FE-C941604A4D47}.Release|Any CPU.Build.0 = Release|Any CPU
		{52EE035E-0303-4D5F-83E8-AB5DC8B74B85}.Debug|Any CPU.ActiveCfg = Debug|Any CPU
		{52EE035E-0303-4D5F-83E8-AB5DC8B74B85}.Debug|Any CPU.Build.0 = Debug|Any CPU
		{52EE035E-0303-4D5F-83E8-AB5DC8B74B85}.Release|Any CPU.ActiveCfg = Release|Any CPU
		{52EE035E-0303-4D5F-83E8-AB5DC8B74B85}.Release|Any CPU.Build.0 = Release|Any CPU
	EndGlobalSection
	GlobalSection(SolutionProperties) = preSolution
		HideSolutionNode = FALSE
	EndGlobalSection
	GlobalSection(ExtensibilityGlobals) = postSolution
		SolutionGuid = {B2A237E9-7270-45F8-BEC5-4FC124BA92B8}
	EndGlobalSection
EndGlobal
